
Microsoft Visual Studio Solution File, Format Version 12.00
# Visual Studio Version 17
VisualStudioVersion = 17.9.34902.65
MinimumVisualStudioVersion = 10.0.40219.1
Project("{8BC9CEB8-8B4A-11D0-8D11-00A0C91BC942}") = "Project17", "Project17\Project17.vcxproj", "{1D4E4104-EBAB-4B24-94A0-90BAB2631149}"
EndProject
Project("{8BC9CEB8-8B4A-11D0-8D11-00A0C91BC942}") = "Sample-Test1", "Sample-Test1\Sample-Test1.vcxproj", "{B84A1535-2091-4DBF-9A30-C28D9DBE93B4}"
EndProject
Project("{2150E333-8FDC-42A3-9474-1A3956D46DE8}") = "솔루션 항목", "솔루션 항목", "{96E78D6C-688A-47AF-8940-D8C533D152D5}"
	ProjectSection(SolutionItems) = preProject
		.gitignore = .gitignore
	EndProjectSection
EndProject
Global
	GlobalSection(SolutionConfigurationPlatforms) = preSolution
		Debug|x64 = Debug|x64
		Debug|x86 = Debug|x86
		Release|x64 = Release|x64
		Release|x86 = Release|x86
	EndGlobalSection
	GlobalSection(ProjectConfigurationPlatforms) = postSolution
		{1D4E4104-EBAB-4B24-94A0-90BAB2631149}.Debug|x64.ActiveCfg = Debug|x64
		{1D4E4104-EBAB-4B24-94A0-90BAB2631149}.Debug|x64.Build.0 = Debug|x64
		{1D4E4104-EBAB-4B24-94A0-90BAB2631149}.Debug|x86.ActiveCfg = Debug|Win32
		{1D4E4104-EBAB-4B24-94A0-90BAB2631149}.Debug|x86.Build.0 = Debug|Win32
		{1D4E4104-EBAB-4B24-94A0-90BAB2631149}.Release|x64.ActiveCfg = Release|x64
		{1D4E4104-EBAB-4B24-94A0-90BAB2631149}.Release|x64.Build.0 = Release|x64
		{1D4E4104-EBAB-4B24-94A0-90BAB2631149}.Release|x86.ActiveCfg = Release|Win32
		{1D4E4104-EBAB-4B24-94A0-90BAB2631149}.Release|x86.Build.0 = Release|Win32
		{B84A1535-2091-4DBF-9A30-C28D9DBE93B4}.Debug|x64.ActiveCfg = Debug|x64
		{B84A1535-2091-4DBF-9A30-C28D9DBE93B4}.Debug|x64.Build.0 = Debug|x64
		{B84A1535-2091-4DBF-9A30-C28D9DBE93B4}.Debug|x86.ActiveCfg = Debug|Win32
		{B84A1535-2091-4DBF-9A30-C28D9DBE93B4}.Debug|x86.Build.0 = Debug|Win32
		{B84A1535-2091-4DBF-9A30-C28D9DBE93B4}.Release|x64.ActiveCfg = Release|x64
		{B84A1535-2091-4DBF-9A30-C28D9DBE93B4}.Release|x64.Build.0 = Release|x64
		{B84A1535-2091-4DBF-9A30-C28D9DBE93B4}.Release|x86.ActiveCfg = Release|Win32
		{B84A1535-2091-4DBF-9A30-C28D9DBE93B4}.Release|x86.Build.0 = Release|Win32
	EndGlobalSection
	GlobalSection(SolutionProperties) = preSolution
		HideSolutionNode = FALSE
	EndGlobalSection
	GlobalSection(ExtensibilityGlobals) = postSolution
		SolutionGuid = {5D8C17CF-2D83-43A9-8539-52B652B703CE}
	EndGlobalSection
EndGlobal
